# THIS IS AN AUTOGENERATED FILE. DO NOT EDIT THIS FILE DIRECTLY.
# yarn lockfile v1


eventsource@^2.0.2:
  version "2.0.2"
  resolved "https://registry.yarnpkg.com/eventsource/-/eventsource-2.0.2.tgz#76dfcc02930fb2ff339520b6d290da573a9e8508"
  integrity sha512-IzUmBGPR3+oUG9dUeXynyNmf91/3zUSJg1lCktzKw47OXuhco54U3r9B7O4XX+Rb1Itm9OZ2b0RkTs10bICOxA==

kafkajs@^2.2.0:
  version "2.2.0"
  resolved "https://registry.yarnpkg.com/kafkajs/-/kafkajs-2.2.0.tgz#43b2d13c82395acee4500f09d6c7d503db8c77ea"
  integrity sha512-+sdgyLuC0Idw1g9LSBXjtoCr4K+vVaHP+tulzAK+V+HHvO3uW5woNkzLnbBx0MN4WRuEl/5g84M3FSkH0ZDzrA==
